
Microsoft Visual Studio Solution File, Format Version 12.00
# Visual Studio Version 16
VisualStudioVersion = 16.0.31729.503
MinimumVisualStudioVersion = 10.0.40219.1
Project("{FAE04EC0-301F-11D3-BF4B-00C04F79EFBC}") = "sample", "sample\sample.csproj", "{D9FE1B11-293A-4FE5-9CBD-095BF62666BB}"
EndProject
Global
	GlobalSection(SolutionConfigurationPlatforms) = preSolution
		Debug|Any CPU = Debug|Any CPU
		Release|Any CPU = Release|Any CPU
	EndGlobalSection
	GlobalSection(ProjectConfigurationPlatforms) = postSolution
		{D9FE1B11-293A-4FE5-9CBD-095BF62666BB}.Debug|Any CPU.ActiveCfg = Debug|Any CPU
		{D9FE1B11-293A-4FE5-9CBD-095BF62666BB}.Debug|Any CPU.Build.0 = Debug|Any CPU
		{D9FE1B11-293A-4FE5-9CBD-095BF62666BB}.Release|Any CPU.ActiveCfg = Release|Any CPU
		{D9FE1B11-293A-4FE5-9CBD-095BF62666BB}.Release|Any CPU.Build.0 = Release|Any CPU
	EndGlobalSection
	GlobalSection(SolutionProperties) = preSolution
		HideSolutionNode = FALSE
	EndGlobalSection
	GlobalSection(ExtensibilityGlobals) = postSolution
		SolutionGuid = {AD22821A-D398-4F9E-9067-2CDBA926FB42}
	EndGlobalSection
EndGlobal
